
Microsoft Visual Studio Solution File, Format Version 12.00
# Visual Studio Version 16
VisualStudioVersion = 16.0.30413.136
MinimumVisualStudioVersion = 10.0.40219.1
Project("{FAE04EC0-301F-11D3-BF4B-00C04F79EFBC}") = "game-project", "game-project\game-project.csproj", "{F828D13A-6C11-4754-8CD1-52E41A475105}"
EndProject
Project("{9A19103F-16F7-4668-BE54-9A1E7A4F7556}") = "game-project-web", "game-project-web\game-project-web.csproj", "{8A6E814F-D0A1-4712-9F68-91A7B2AA1006}"
EndProject
Project("{9A19103F-16F7-4668-BE54-9A1E7A4F7556}") = "MonoGame.Framework.Bridge", "MonoGame.Framework\MonoGame.Framework.Bridge.csproj", "{A6EC50AA-354A-41AA-9315-AFE5DBB3627B}"
EndProject
Global
	GlobalSection(SolutionConfigurationPlatforms) = preSolution
		Debug|Any CPU = Debug|Any CPU
		Release|Any CPU = Release|Any CPU
	EndGlobalSection
	GlobalSection(ProjectConfigurationPlatforms) = postSolution
		{F828D13A-6C11-4754-8CD1-52E41A475105}.Debug|Any CPU.ActiveCfg = Debug|Any CPU
		{F828D13A-6C11-4754-8CD1-52E41A475105}.Debug|Any CPU.Build.0 = Debug|Any CPU
		{F828D13A-6C11-4754-8CD1-52E41A475105}.Release|Any CPU.ActiveCfg = Release|Any CPU
		{F828D13A-6C11-4754-8CD1-52E41A475105}.Release|Any CPU.Build.0 = Release|Any CPU
		{8A6E814F-D0A1-4712-9F68-91A7B2AA1006}.Debug|Any CPU.ActiveCfg = Debug|Any CPU
		{8A6E814F-D0A1-4712-9F68-91A7B2AA1006}.Debug|Any CPU.Build.0 = Debug|Any CPU
		{8A6E814F-D0A1-4712-9F68-91A7B2AA1006}.Release|Any CPU.ActiveCfg = Release|Any CPU
		{8A6E814F-D0A1-4712-9F68-91A7B2AA1006}.Release|Any CPU.Build.0 = Release|Any CPU
		{A6EC50AA-354A-41AA-9315-AFE5DBB3627B}.Debug|Any CPU.ActiveCfg = Debug|Any CPU
		{A6EC50AA-354A-41AA-9315-AFE5DBB3627B}.Debug|Any CPU.Build.0 = Debug|Any CPU
		{A6EC50AA-354A-41AA-9315-AFE5DBB3627B}.Release|Any CPU.ActiveCfg = Release|Any CPU
		{A6EC50AA-354A-41AA-9315-AFE5DBB3627B}.Release|Any CPU.Build.0 = Release|Any CPU
	EndGlobalSection
	GlobalSection(SolutionProperties) = preSolution
		HideSolutionNode = FALSE
	EndGlobalSection
	GlobalSection(ExtensibilityGlobals) = postSolution
		SolutionGuid = {F967F01F-8CE8-4DD5-A075-898F7CE424A1}
	EndGlobalSection
EndGlobal
